
Microsoft Visual Studio Solution File, Format Version 12.00
# Visual Studio Version 16
VisualStudioVersion = 16.0.30503.244
MinimumVisualStudioVersion = 10.0.40219.1
Project("{9A19103F-16F7-4668-BE54-9A1E7A4F7556}") = "Calculator", "Calculator\Calculator.csproj", "{80021EC0-CDDF-4918-8997-AAB83C521063}"
EndProject
Global
	GlobalSection(SolutionConfigurationPlatforms) = preSolution
		Debug|Any CPU = Debug|Any CPU
		Release|Any CPU = Release|Any CPU
	EndGlobalSection
	GlobalSection(ProjectConfigurationPlatforms) = postSolution
		{80021EC0-CDDF-4918-8997-AAB83C521063}.Debug|Any CPU.ActiveCfg = Debug|Any CPU
		{80021EC0-CDDF-4918-8997-AAB83C521063}.Debug|Any CPU.Build.0 = Debug|Any CPU
		{80021EC0-CDDF-4918-8997-AAB83C521063}.Release|Any CPU.ActiveCfg = Release|Any CPU
		{80021EC0-CDDF-4918-8997-AAB83C521063}.Release|Any CPU.Build.0 = Release|Any CPU
	EndGlobalSection
	GlobalSection(SolutionProperties) = preSolution
		HideSolutionNode = FALSE
	EndGlobalSection
	GlobalSection(ExtensibilityGlobals) = postSolution
		SolutionGuid = {22704095-14F1-4BA2-AFE2-672D20AEC845}
	EndGlobalSection
EndGlobal
