
Microsoft Visual Studio Solution File, Format Version 12.00
# Visual Studio Version 16
VisualStudioVersion = 16.0.30503.244
MinimumVisualStudioVersion = 10.0.40219.1
Project("{9A19103F-16F7-4668-BE54-9A1E7A4F7556}") = "GreetingUser", "GreetingUser\GreetingUser.csproj", "{E7EFCC6D-6A8A-48FC-A1DD-A6AC61098BC6}"
EndProject
Project("{9A19103F-16F7-4668-BE54-9A1E7A4F7556}") = "MovementOfFiguresInChess", "MovementOfFiguresInChess\MovementOfFiguresInChess.csproj", "{4ABAB3D9-30F5-4005-BBA1-3FF9CEDE8264}"
EndProject
Project("{9A19103F-16F7-4668-BE54-9A1E7A4F7556}") = "TableOfFunctionValues", "TableOfFunctionValues\TableOfFunctionValues.csproj", "{F97A5F31-2E07-4429-A72D-978668C7214A}"
EndProject
Project("{9A19103F-16F7-4668-BE54-9A1E7A4F7556}") = "EffectPrintedText", "EffectPrintedText\EffectPrintedText.csproj", "{9BEF4161-5639-4319-978E-094378A8C3F0}"
EndProject
Project("{FAE04EC0-301F-11D3-BF4B-00C04F79EFBC}") = "TextAnalysis", "TextAnalysis.csproj\TextAnalysis.csproj", "{E7F5D985-677D-4246-BA75-4BAE24DF38B5}"
EndProject
Global
	GlobalSection(SolutionConfigurationPlatforms) = preSolution
		Debug|Any CPU = Debug|Any CPU
		Release|Any CPU = Release|Any CPU
	EndGlobalSection
	GlobalSection(ProjectConfigurationPlatforms) = postSolution
		{E7EFCC6D-6A8A-48FC-A1DD-A6AC61098BC6}.Debug|Any CPU.ActiveCfg = Debug|Any CPU
		{E7EFCC6D-6A8A-48FC-A1DD-A6AC61098BC6}.Debug|Any CPU.Build.0 = Debug|Any CPU
		{E7EFCC6D-6A8A-48FC-A1DD-A6AC61098BC6}.Release|Any CPU.ActiveCfg = Release|Any CPU
		{E7EFCC6D-6A8A-48FC-A1DD-A6AC61098BC6}.Release|Any CPU.Build.0 = Release|Any CPU
		{4ABAB3D9-30F5-4005-BBA1-3FF9CEDE8264}.Debug|Any CPU.ActiveCfg = Debug|Any CPU
		{4ABAB3D9-30F5-4005-BBA1-3FF9CEDE8264}.Debug|Any CPU.Build.0 = Debug|Any CPU
		{4ABAB3D9-30F5-4005-BBA1-3FF9CEDE8264}.Release|Any CPU.ActiveCfg = Release|Any CPU
		{4ABAB3D9-30F5-4005-BBA1-3FF9CEDE8264}.Release|Any CPU.Build.0 = Release|Any CPU
		{F97A5F31-2E07-4429-A72D-978668C7214A}.Debug|Any CPU.ActiveCfg = Debug|Any CPU
		{F97A5F31-2E07-4429-A72D-978668C7214A}.Debug|Any CPU.Build.0 = Debug|Any CPU
		{F97A5F31-2E07-4429-A72D-978668C7214A}.Release|Any CPU.ActiveCfg = Release|Any CPU
		{F97A5F31-2E07-4429-A72D-978668C7214A}.Release|Any CPU.Build.0 = Release|Any CPU
		{9BEF4161-5639-4319-978E-094378A8C3F0}.Debug|Any CPU.ActiveCfg = Debug|Any CPU
		{9BEF4161-5639-4319-978E-094378A8C3F0}.Debug|Any CPU.Build.0 = Debug|Any CPU
		{9BEF4161-5639-4319-978E-094378A8C3F0}.Release|Any CPU.ActiveCfg = Release|Any CPU
		{9BEF4161-5639-4319-978E-094378A8C3F0}.Release|Any CPU.Build.0 = Release|Any CPU
		{E7F5D985-677D-4246-BA75-4BAE24DF38B5}.Debug|Any CPU.ActiveCfg = Debug|Any CPU
		{E7F5D985-677D-4246-BA75-4BAE24DF38B5}.Debug|Any CPU.Build.0 = Debug|Any CPU
		{E7F5D985-677D-4246-BA75-4BAE24DF38B5}.Release|Any CPU.ActiveCfg = Release|Any CPU
		{E7F5D985-677D-4246-BA75-4BAE24DF38B5}.Release|Any CPU.Build.0 = Release|Any CPU
	EndGlobalSection
	GlobalSection(SolutionProperties) = preSolution
		HideSolutionNode = FALSE
	EndGlobalSection
	GlobalSection(ExtensibilityGlobals) = postSolution
		SolutionGuid = {22704095-14F1-4BA2-AFE2-672D20AEC845}
	EndGlobalSection
EndGlobal
